
Microsoft Visual Studio Solution File, Format Version 12.00
# Visual Studio Version 17
VisualStudioVersion = 17.4.33103.184
MinimumVisualStudioVersion = 10.0.40219.1
Project("{9A19103F-16F7-4668-BE54-9A1E7A4F7556}") = "Rating_Limiting", "Rating_Limiting\Rating_Limiting\Rating_Limiting.csproj", "{053D150F-BEFA-4F93-8846-7A50E32440F4}"
EndProject
Project("{FAE04EC0-301F-11D3-BF4B-00C04F79EFBC}") = "Output_Caching", "Output_Caching\Output_Caching.csproj", "{101CA48E-49D1-4BE8-9AB0-30AD4978B648}"
EndProject
Global
	GlobalSection(SolutionConfigurationPlatforms) = preSolution
		Debug|Any CPU = Debug|Any CPU
		Release|Any CPU = Release|Any CPU
	EndGlobalSection
	GlobalSection(ProjectConfigurationPlatforms) = postSolution
		{053D150F-BEFA-4F93-8846-7A50E32440F4}.Debug|Any CPU.ActiveCfg = Debug|Any CPU
		{053D150F-BEFA-4F93-8846-7A50E32440F4}.Debug|Any CPU.Build.0 = Debug|Any CPU
		{053D150F-BEFA-4F93-8846-7A50E32440F4}.Release|Any CPU.ActiveCfg = Release|Any CPU
		{053D150F-BEFA-4F93-8846-7A50E32440F4}.Release|Any CPU.Build.0 = Release|Any CPU
		{101CA48E-49D1-4BE8-9AB0-30AD4978B648}.Debug|Any CPU.ActiveCfg = Debug|Any CPU
		{101CA48E-49D1-4BE8-9AB0-30AD4978B648}.Debug|Any CPU.Build.0 = Debug|Any CPU
		{101CA48E-49D1-4BE8-9AB0-30AD4978B648}.Release|Any CPU.ActiveCfg = Release|Any CPU
		{101CA48E-49D1-4BE8-9AB0-30AD4978B648}.Release|Any CPU.Build.0 = Release|Any CPU
	EndGlobalSection
	GlobalSection(SolutionProperties) = preSolution
		HideSolutionNode = FALSE
	EndGlobalSection
	GlobalSection(ExtensibilityGlobals) = postSolution
		SolutionGuid = {54FB195C-6D5E-4F07-95AE-0CE065DB9EE7}
	EndGlobalSection
EndGlobal
